
Microsoft Visual Studio Solution File, Format Version 12.00
# Visual Studio Version 17
VisualStudioVersion = 17.1.32210.238
MinimumVisualStudioVersion = 10.0.40219.1
Project("{FAE04EC0-301F-11D3-BF4B-00C04F79EFBC}") = "WebApi_Project_Football", "WebApi_Project_Football\WebApi_Project_Football.csproj", "{90984B93-1189-4ACC-B29D-81BCEB4FFBD4}"
EndProject
Global
	GlobalSection(SolutionConfigurationPlatforms) = preSolution
		Debug|Any CPU = Debug|Any CPU
		Release|Any CPU = Release|Any CPU
	EndGlobalSection
	GlobalSection(ProjectConfigurationPlatforms) = postSolution
		{90984B93-1189-4ACC-B29D-81BCEB4FFBD4}.Debug|Any CPU.ActiveCfg = Debug|Any CPU
		{90984B93-1189-4ACC-B29D-81BCEB4FFBD4}.Debug|Any CPU.Build.0 = Debug|Any CPU
		{90984B93-1189-4ACC-B29D-81BCEB4FFBD4}.Release|Any CPU.ActiveCfg = Release|Any CPU
		{90984B93-1189-4ACC-B29D-81BCEB4FFBD4}.Release|Any CPU.Build.0 = Release|Any CPU
	EndGlobalSection
	GlobalSection(SolutionProperties) = preSolution
		HideSolutionNode = FALSE
	EndGlobalSection
	GlobalSection(ExtensibilityGlobals) = postSolution
		SolutionGuid = {AC6DCA76-29CC-48DD-A8A2-7C107420AAF1}
	EndGlobalSection
EndGlobal
